
Microsoft Visual Studio Solution File, Format Version 12.00
# Visual Studio Version 16
VisualStudioVersion = 16.0.30011.22
MinimumVisualStudioVersion = 10.0.40219.1
Project("{FAE04EC0-301F-11D3-BF4B-00C04F79EFBC}") = "GitProjectTesting", "GitProjectTesting\GitProjectTesting.csproj", "{C72DED0A-0099-42F4-8290-AA44256A8BC7}"
EndProject
Global
	GlobalSection(SolutionConfigurationPlatforms) = preSolution
		Debug|Any CPU = Debug|Any CPU
		Release|Any CPU = Release|Any CPU
	EndGlobalSection
	GlobalSection(ProjectConfigurationPlatforms) = postSolution
		{C72DED0A-0099-42F4-8290-AA44256A8BC7}.Debug|Any CPU.ActiveCfg = Debug|Any CPU
		{C72DED0A-0099-42F4-8290-AA44256A8BC7}.Debug|Any CPU.Build.0 = Debug|Any CPU
		{C72DED0A-0099-42F4-8290-AA44256A8BC7}.Release|Any CPU.ActiveCfg = Release|Any CPU
		{C72DED0A-0099-42F4-8290-AA44256A8BC7}.Release|Any CPU.Build.0 = Release|Any CPU
	EndGlobalSection
	GlobalSection(SolutionProperties) = preSolution
		HideSolutionNode = FALSE
	EndGlobalSection
	GlobalSection(ExtensibilityGlobals) = postSolution
		SolutionGuid = {7FC3F7DD-7037-4F2A-A3AD-4E756C163218}
	EndGlobalSection
EndGlobal
